// !$*UTF8*$!
{
	archiveVersion = 1;
	classes = {
	};
	objectVersion = 51;
	objects = {

/* Begin PBXBuildFile section */
		84B28281240CCF1B00D1FEC3 /* LoginViewController.swift in Sources */ = {isa = PBXBuildFile; fileRef = 84B28280240CCF1B00D1FEC3 /* LoginViewController.swift */; };
		84B28283240CE3E300D1FEC3 /* CameraViewController.swift in Sources */ = {isa = PBXBuildFile; fileRef = 84B28282240CE3E300D1FEC3 /* CameraViewController.swift */; };
		84B9370C240CBAF300382E3D /* AppDelegate.swift in Sources */ = {isa = PBXBuildFile; fileRef = 84B9370B240CBAF300382E3D /* AppDelegate.swift */; };
		84B9370E240CBAF300382E3D /* SceneDelegate.swift in Sources */ = {isa = PBXBuildFile; fileRef = 84B9370D240CBAF300382E3D /* SceneDelegate.swift */; };
		84B93713240CBAF300382E3D /* Main.storyboard in Resources */ = {isa = PBXBuildFile; fileRef = 84B93711240CBAF300382E3D /* Main.storyboard */; };
		84B93715240CBAF500382E3D /* Assets.xcassets in Resources */ = {isa = PBXBuildFile; fileRef = 84B93714240CBAF500382E3D /* Assets.xcassets */; };
		84B93718240CBAF500382E3D /* LaunchScreen.storyboard in Resources */ = {isa = PBXBuildFile; fileRef = 84B93716240CBAF500382E3D /* LaunchScreen.storyboard */; };
		84B93723240CBAF500382E3D /* ParstagramTests.swift in Sources */ = {isa = PBXBuildFile; fileRef = 84B93722240CBAF500382E3D /* ParstagramTests.swift */; };
		84B9372E240CBAF500382E3D /* ParstagramUITests.swift in Sources */ = {isa = PBXBuildFile; fileRef = 84B9372D240CBAF500382E3D /* ParstagramUITests.swift */; };
		84B93742240CCABD00382E3D /* FeedViewController.swift in Sources */ = {isa = PBXBuildFile; fileRef = 84B93741240CCABD00382E3D /* FeedViewController.swift */; };
		ABFB8392A42952829E89E537 /* Pods_Parstagram_ParstagramUITests.framework in Frameworks */ = {isa = PBXBuildFile; fileRef = DCC8815D707753DC7268926A /* Pods_Parstagram_ParstagramUITests.framework */; };
		BD51A70E8B79504B3A128AD8 /* Pods_ParstagramTests.framework in Frameworks */ = {isa = PBXBuildFile; fileRef = 4D203B37F00A15834427B70E /* Pods_ParstagramTests.framework */; };
		E4D2408578AB5C13B969C167 /* Pods_Parstagram.framework in Frameworks */ = {isa = PBXBuildFile; fileRef = 14BD722EDDE18B24B8750259 /* Pods_Parstagram.framework */; };
/* End PBXBuildFile section */

/* Begin PBXContainerItemProxy section */
		84B9371F240CBAF500382E3D /* PBXContainerItemProxy */ = {
			isa = PBXContainerItemProxy;
			containerPortal = 84B93700240CBAF300382E3D /* Project object */;
			proxyType = 1;
			remoteGlobalIDString = 84B93707240CBAF300382E3D;
			remoteInfo = Parstagram;
		};
		84B9372A240CBAF500382E3D /* PBXContainerItemProxy */ = {
			isa = PBXContainerItemProxy;
			containerPortal = 84B93700240CBAF300382E3D /* Project object */;
			proxyType = 1;
			remoteGlobalIDString = 84B93707240CBAF300382E3D;
			remoteInfo = Parstagram;
		};
/* End PBXContainerItemProxy section */

/* Begin PBXFileReference section */
		01C47BE430A94E199DB75C5B /* Pods-Parstagram.release.xcconfig */ = {isa = PBXFileReference; includeInIndex = 1; lastKnownFileType = text.xcconfig; name = "Pods-Parstagram.release.xcconfig"; path = "Target Support Files/Pods-Parstagram/Pods-Parstagram.release.xcconfig"; sourceTree = "<group>"; };
		14BD722EDDE18B24B8750259 /* Pods_Parstagram.framework */ = {isa = PBXFileReference; explicitFileType = wrapper.framework; includeInIndex = 0; path = Pods_Parstagram.framework; sourceTree = BUILT_PRODUCTS_DIR; };
		4D203B37F00A15834427B70E /* Pods_ParstagramTests.framework */ = {isa = PBXFileReference; explicitFileType = wrapper.framework; includeInIndex = 0; path = Pods_ParstagramTests.framework; sourceTree = BUILT_PRODUCTS_DIR; };
		60B6CAB9B3785031A122B2F0 /* Pods-Parstagram-ParstagramUITests.release.xcconfig */ = {isa = PBXFileReference; includeInIndex = 1; lastKnownFileType = text.xcconfig; name = "Pods-Parstagram-ParstagramUITests.release.xcconfig"; path = "Target Support Files/Pods-Parstagram-ParstagramUITests/Pods-Parstagram-ParstagramUITests.release.xcconfig"; sourceTree = "<group>"; };
		6A28C146FD0B04070CCD79D1 /* Pods-Parstagram.debug.xcconfig */ = {isa = PBXFileReference; includeInIndex = 1; lastKnownFileType = text.xcconfig; name = "Pods-Parstagram.debug.xcconfig"; path = "Target Support Files/Pods-Parstagram/Pods-Parstagram.debug.xcconfig"; sourceTree = "<group>"; };
		84B28280240CCF1B00D1FEC3 /* LoginViewController.swift */ = {isa = PBXFileReference; lastKnownFileType = sourcecode.swift; path = LoginViewController.swift; sourceTree = "<group>"; };
		84B28282240CE3E300D1FEC3 /* CameraViewController.swift */ = {isa = PBXFileReference; lastKnownFileType = sourcecode.swift; path = CameraViewController.swift; sourceTree = "<group>"; };
		84B93708240CBAF300382E3D /* Parstagram.app */ = {isa = PBXFileReference; explicitFileType = wrapper.application; includeInIndex = 0; path = Parstagram.app; sourceTree = BUILT_PRODUCTS_DIR; };
		84B9370B240CBAF300382E3D /* AppDelegate.swift */ = {isa = PBXFileReference; lastKnownFileType = sourcecode.swift; path = AppDelegate.swift; sourceTree = "<group>"; };
		84B9370D240CBAF300382E3D /* SceneDelegate.swift */ = {isa = PBXFileReference; lastKnownFileType = sourcecode.swift; path = SceneDelegate.swift; sourceTree = "<group>"; };
		84B93712240CBAF300382E3D /* Base */ = {isa = PBXFileReference; lastKnownFileType = file.storyboard; name = Base; path = Base.lproj/Main.storyboard; sourceTree = "<group>"; };
		84B93714240CBAF500382E3D /* Assets.xcassets */ = {isa = PBXFileReference; lastKnownFileType = folder.assetcatalog; path = Assets.xcassets; sourceTree = "<group>"; };
		84B93717240CBAF500382E3D /* Base */ = {isa = PBXFileReference; lastKnownFileType = file.storyboard; name = Base; path = Base.lproj/LaunchScreen.storyboard; sourceTree = "<group>"; };
		84B93719240CBAF500382E3D /* Info.plist */ = {isa = PBXFileReference; lastKnownFileType = text.plist.xml; path = Info.plist; sourceTree = "<group>"; };
		84B9371E240CBAF500382E3D /* ParstagramTests.xctest */ = {isa = PBXFileReference; explicitFileType = wrapper.cfbundle; includeInIndex = 0; path = ParstagramTests.xctest; sourceTree = BUILT_PRODUCTS_DIR; };
		84B93722240CBAF500382E3D /* ParstagramTests.swift */ = {isa = PBXFileReference; lastKnownFileType = sourcecode.swift; path = ParstagramTests.swift; sourceTree = "<group>"; };
		84B93724240CBAF500382E3D /* Info.plist */ = {isa = PBXFileReference; lastKnownFileType = text.plist.xml; path = Info.plist; sourceTree = "<group>"; };
		84B93729240CBAF500382E3D /* ParstagramUITests.xctest */ = {isa = PBXFileReference; explicitFileType = wrapper.cfbundle; includeInIndex = 0; path = ParstagramUITests.xctest; sourceTree = BUILT_PRODUCTS_DIR; };
		84B9372D240CBAF500382E3D /* ParstagramUITests.swift */ = {isa = PBXFileReference; lastKnownFileType = sourcecode.swift; path = ParstagramUITests.swift; sourceTree = "<group>"; };
		84B9372F240CBAF500382E3D /* Info.plist */ = {isa = PBXFileReference; lastKnownFileType = text.plist.xml; path = Info.plist; sourceTree = "<group>"; };
		84B93741240CCABD00382E3D /* FeedViewController.swift */ = {isa = PBXFileReference; lastKnownFileType = sourcecode.swift; path = FeedViewController.swift; sourceTree = "<group>"; };
		D41E56634BC6449993E367D7 /* Pods-Parstagram-ParstagramUITests.debug.xcconfig */ = {isa = PBXFileReference; includeInIndex = 1; lastKnownFileType = text.xcconfig; name = "Pods-Parstagram-ParstagramUITests.debug.xcconfig"; path = "Target Support Files/Pods-Parstagram-ParstagramUITests/Pods-Parstagram-ParstagramUITests.debug.xcconfig"; sourceTree = "<group>"; };
		D9EB98790C5D4B7E9ADAFF36 /* Pods-ParstagramTests.release.xcconfig */ = {isa = PBXFileReference; includeInIndex = 1; lastKnownFileType = text.xcconfig; name = "Pods-ParstagramTests.release.xcconfig"; path = "Target Support Files/Pods-ParstagramTests/Pods-ParstagramTests.release.xcconfig"; sourceTree = "<group>"; };
		DCC8815D707753DC7268926A /* Pods_Parstagram_ParstagramUITests.framework */ = {isa = PBXFileReference; explicitFileType = wrapper.framework; includeInIndex = 0; path = Pods_Parstagram_ParstagramUITests.framework; sourceTree = BUILT_PRODUCTS_DIR; };
		FF1A78A2BADFC26F84FE9790 /* Pods-ParstagramTests.debug.xcconfig */ = {isa = PBXFileReference; includeInIndex = 1; lastKnownFileType = text.xcconfig; name = "Pods-ParstagramTests.debug.xcconfig"; path = "Target Support Files/Pods-ParstagramTests/Pods-ParstagramTests.debug.xcconfig"; sourceTree = "<group>"; };
/* End PBXFileReference section */

/* Begin PBXFrameworksBuildPhase section */
		84B93705240CBAF300382E3D /* Frameworks */ = {
			isa = PBXFrameworksBuildPhase;
			buildActionMask = 2147483647;
			files = (
				E4D2408578AB5C13B969C167 /* Pods_Parstagram.framework in Frameworks */,
			);
			runOnlyForDeploymentPostprocessing = 0;
		};
		84B9371B240CBAF500382E3D /* Frameworks */ = {
			isa = PBXFrameworksBuildPhase;
			buildActionMask = 2147483647;
			files = (
				BD51A70E8B79504B3A128AD8 /* Pods_ParstagramTests.framework in Frameworks */,
			);
			runOnlyForDeploymentPostprocessing = 0;
		};
		84B93726240CBAF500382E3D /* Frameworks */ = {
			isa = PBXFrameworksBuildPhase;
			buildActionMask = 2147483647;
			files = (
				ABFB8392A42952829E89E537 /* Pods_Parstagram_ParstagramUITests.framework in Frameworks */,
			);
			runOnlyForDeploymentPostprocessing = 0;
		};
/* End PBXFrameworksBuildPhase section */

/* Begin PBXGroup section */
		84B936FF240CBAF300382E3D = {
			isa = PBXGroup;
			children = (
				84B9370A240CBAF300382E3D /* Parstagram */,
				84B93721240CBAF500382E3D /* ParstagramTests */,
				84B9372C240CBAF500382E3D /* ParstagramUITests */,
				84B93709240CBAF300382E3D /* Products */,
				90D76C0F88A3785FDD798376 /* Pods */,
				CA7E05571E6FF2E79E27F4FE /* Frameworks */,
			);
			sourceTree = "<group>";
		};
		84B93709240CBAF300382E3D /* Products */ = {
			isa = PBXGroup;
			children = (
				84B93708240CBAF300382E3D /* Parstagram.app */,
				84B9371E240CBAF500382E3D /* ParstagramTests.xctest */,
				84B93729240CBAF500382E3D /* ParstagramUITests.xctest */,
			);
			name = Products;
			sourceTree = "<group>";
		};
		84B9370A240CBAF300382E3D /* Parstagram */ = {
			isa = PBXGroup;
			children = (
				84B93741240CCABD00382E3D /* FeedViewController.swift */,
				84B28280240CCF1B00D1FEC3 /* LoginViewController.swift */,
				84B28282240CE3E300D1FEC3 /* CameraViewController.swift */,
				84B9370B240CBAF300382E3D /* AppDelegate.swift */,
				84B9370D240CBAF300382E3D /* SceneDelegate.swift */,
				84B93711240CBAF300382E3D /* Main.storyboard */,
				84B93714240CBAF500382E3D /* Assets.xcassets */,
				84B93716240CBAF500382E3D /* LaunchScreen.storyboard */,
				84B93719240CBAF500382E3D /* Info.plist */,
			);
			path = Parstagram;
			sourceTree = "<group>";
		};
		84B93721240CBAF500382E3D /* ParstagramTests */ = {
			isa = PBXGroup;
			children = (
				84B93722240CBAF500382E3D /* ParstagramTests.swift */,
				84B93724240CBAF500382E3D /* Info.plist */,
			);
			path = ParstagramTests;
			sourceTree = "<group>";
		};
		84B9372C240CBAF500382E3D /* ParstagramUITests */ = {
			isa = PBXGroup;
			children = (
				84B9372D240CBAF500382E3D /* ParstagramUITests.swift */,
				84B9372F240CBAF500382E3D /* Info.plist */,
			);
			path = ParstagramUITests;
			sourceTree = "<group>";
		};
		90D76C0F88A3785FDD798376 /* Pods */ = {
			isa = PBXGroup;
			children = (
				6A28C146FD0B04070CCD79D1 /* Pods-Parstagram.debug.xcconfig */,
				01C47BE430A94E199DB75C5B /* Pods-Parstagram.release.xcconfig */,
				D41E56634BC6449993E367D7 /* Pods-Parstagram-ParstagramUITests.debug.xcconfig */,
				60B6CAB9B3785031A122B2F0 /* Pods-Parstagram-ParstagramUITests.release.xcconfig */,
				FF1A78A2BADFC26F84FE9790 /* Pods-ParstagramTests.debug.xcconfig */,
				D9EB98790C5D4B7E9ADAFF36 /* Pods-ParstagramTests.release.xcconfig */,
			);
			path = Pods;
			sourceTree = "<group>";
		};
		CA7E05571E6FF2E79E27F4FE /* Frameworks */ = {
			isa = PBXGroup;
			children = (
				14BD722EDDE18B24B8750259 /* Pods_Parstagram.framework */,
				DCC8815D707753DC7268926A /* Pods_Parstagram_ParstagramUITests.framework */,
				4D203B37F00A15834427B70E /* Pods_ParstagramTests.framework */,
			);
			name = Frameworks;
			sourceTree = "<group>";
		};
/* End PBXGroup section */

/* Begin PBXNativeTarget section */
		84B93707240CBAF300382E3D /* Parstagram */ = {
			isa = PBXNativeTarget;
			buildConfigurationList = 84B93732240CBAF500382E3D /* Build configuration list for PBXNativeTarget "Parstagram" */;
			buildPhases = (
				224E12B1D1CC996FC3E8957C /* [CP] Check Pods Manifest.lock */,
				84B93704240CBAF300382E3D /* Sources */,
				84B93705240CBAF300382E3D /* Frameworks */,
				84B93706240CBAF300382E3D /* Resources */,
				96669393E99916B4061F7FE2 /* [CP] Embed Pods Frameworks */,
			);
			buildRules = (
			);
			dependencies = (
			);
			name = Parstagram;
			productName = Parstagram;
			productReference = 84B93708240CBAF300382E3D /* Parstagram.app */;
			productType = "com.apple.product-type.application";
		};
		84B9371D240CBAF500382E3D /* ParstagramTests */ = {
			isa = PBXNativeTarget;
			buildConfigurationList = 84B93735240CBAF500382E3D /* Build configuration list for PBXNativeTarget "ParstagramTests" */;
			buildPhases = (
				29950786EA95B0B73AA3EF49 /* [CP] Check Pods Manifest.lock */,
				84B9371A240CBAF500382E3D /* Sources */,
				84B9371B240CBAF500382E3D /* Frameworks */,
				84B9371C240CBAF500382E3D /* Resources */,
			);
			buildRules = (
			);
			dependencies = (
				84B93720240CBAF500382E3D /* PBXTargetDependency */,
			);
			name = ParstagramTests;
			productName = ParstagramTests;
			productReference = 84B9371E240CBAF500382E3D /* ParstagramTests.xctest */;
			productType = "com.apple.product-type.bundle.unit-test";
		};
		84B93728240CBAF500382E3D /* ParstagramUITests */ = {
			isa = PBXNativeTarget;
			buildConfigurationList = 84B93738240CBAF500382E3D /* Build configuration list for PBXNativeTarget "ParstagramUITests" */;
			buildPhases = (
				8DF8FEE81CF8EEC0BAA63F45 /* [CP] Check Pods Manifest.lock */,
				84B93725240CBAF500382E3D /* Sources */,
				84B93726240CBAF500382E3D /* Frameworks */,
				84B93727240CBAF500382E3D /* Resources */,
				EF299735507D7701E836A959 /* [CP] Embed Pods Frameworks */,
			);
			buildRules = (
			);
			dependencies = (
				84B9372B240CBAF500382E3D /* PBXTargetDependency */,
			);
			name = ParstagramUITests;
			productName = ParstagramUITests;
			productReference = 84B93729240CBAF500382E3D /* ParstagramUITests.xctest */;
			productType = "com.apple.product-type.bundle.ui-testing";
		};
/* End PBXNativeTarget section */

/* Begin PBXProject section */
		84B93700240CBAF300382E3D /* Project object */ = {
			isa = PBXProject;
			attributes = {
				LastSwiftUpdateCheck = 1130;
				LastUpgradeCheck = 1130;
				ORGANIZATIONNAME = "Quentin&Mary";
				TargetAttributes = {
					84B93707240CBAF300382E3D = {
						CreatedOnToolsVersion = 11.3.1;
					};
					84B9371D240CBAF500382E3D = {
						CreatedOnToolsVersion = 11.3.1;
						TestTargetID = 84B93707240CBAF300382E3D;
					};
					84B93728240CBAF500382E3D = {
						CreatedOnToolsVersion = 11.3.1;
						TestTargetID = 84B93707240CBAF300382E3D;
					};
				};
			};
			buildConfigurationList = 84B93703240CBAF300382E3D /* Build configuration list for PBXProject "Parstagram" */;
			compatibilityVersion = "Xcode 9.3";
			developmentRegion = en;
			hasScannedForEncodings = 0;
			knownRegions = (
				en,
				Base,
			);
			mainGroup = 84B936FF240CBAF300382E3D;
			productRefGroup = 84B93709240CBAF300382E3D /* Products */;
			projectDirPath = "";
			projectRoot = "";
			targets = (
				84B93707240CBAF300382E3D /* Parstagram */,
				84B9371D240CBAF500382E3D /* ParstagramTests */,
				84B93728240CBAF500382E3D /* ParstagramUITests */,
			);
		};
/* End PBXProject section */

/* Begin PBXResourcesBuildPhase section */
		84B93706240CBAF300382E3D /* Resources */ = {
			isa = PBXResourcesBuildPhase;
			buildActionMask = 2147483647;
			files = (
				84B93718240CBAF500382E3D /* LaunchScreen.storyboard in Resources */,
				84B93715240CBAF500382E3D /* Assets.xcassets in Resources */,
				84B93713240CBAF300382E3D /* Main.storyboard in Resources */,
			);
			runOnlyForDeploymentPostprocessing = 0;
		};
		84B9371C240CBAF500382E3D /* Resources */ = {
			isa = PBXResourcesBuildPhase;
			buildActionMask = 2147483647;
			files = (
			);
			runOnlyForDeploymentPostprocessing = 0;
		};
		84B93727240CBAF500382E3D /* Resources */ = {
			isa = PBXResourcesBuildPhase;
			buildActionMask = 2147483647;
			files = (
			);
			runOnlyForDeploymentPostprocessing = 0;
		};
/* End PBXResourcesBuildPhase section */

/* Begin PBXShellScriptBuildPhase section */
		224E12B1D1CC996FC3E8957C /* [CP] Check Pods Manifest.lock */ = {
			isa = PBXShellScriptBuildPhase;
			buildActionMask = 2147483647;
			files = (
			);
			inputFileListPaths = (
			);
			inputPaths = (
				"${PODS_PODFILE_DIR_PATH}/Podfile.lock",
				"${PODS_ROOT}/Manifest.lock",
			);
			name = "[CP] Check Pods Manifest.lock";
			outputFileListPaths = (
			);
			outputPaths = (
				"$(DERIVED_FILE_DIR)/Pods-Parstagram-checkManifestLockResult.txt",
			);
			runOnlyForDeploymentPostprocessing = 0;
			shellPath = /bin/sh;
			shellScript = "diff \"${PODS_PODFILE_DIR_PATH}/Podfile.lock\" \"${PODS_ROOT}/Manifest.lock\" > /dev/null\nif [ $? != 0 ] ; then\n    # print error to STDERR\n    echo \"error: The sandbox is not in sync with the Podfile.lock. Run 'pod install' or update your CocoaPods installation.\" >&2\n    exit 1\nfi\n# This output is used by Xcode 'outputs' to avoid re-running this script phase.\necho \"SUCCESS\" > \"${SCRIPT_OUTPUT_FILE_0}\"\n";
			showEnvVarsInLog = 0;
		};
		29950786EA95B0B73AA3EF49 /* [CP] Check Pods Manifest.lock */ = {
			isa = PBXShellScriptBuildPhase;
			buildActionMask = 2147483647;
			files = (
			);
			inputFileListPaths = (
			);
			inputPaths = (
				"${PODS_PODFILE_DIR_PATH}/Podfile.lock",
				"${PODS_ROOT}/Manifest.lock",
			);
			name = "[CP] Check Pods Manifest.lock";
			outputFileListPaths = (
			);
			outputPaths = (
				"$(DERIVED_FILE_DIR)/Pods-ParstagramTests-checkManifestLockResult.txt",
			);
			runOnlyForDeploymentPostprocessing = 0;
			shellPath = /bin/sh;
			shellScript = "diff \"${PODS_PODFILE_DIR_PATH}/Podfile.lock\" \"${PODS_ROOT}/Manifest.lock\" > /dev/null\nif [ $? != 0 ] ; then\n    # print error to STDERR\n    echo \"error: The sandbox is not in sync with the Podfile.lock. Run 'pod install' or update your CocoaPods installation.\" >&2\n    exit 1\nfi\n# This output is used by Xcode 'outputs' to avoid re-running this script phase.\necho \"SUCCESS\" > \"${SCRIPT_OUTPUT_FILE_0}\"\n";
			showEnvVarsInLog = 0;
		};
		8DF8FEE81CF8EEC0BAA63F45 /* [CP] Check Pods Manifest.lock */ = {
			isa = PBXShellScriptBuildPhase;
			buildActionMask = 2147483647;
			files = (
			);
			inputFileListPaths = (
			);
			inputPaths = (
				"${PODS_PODFILE_DIR_PATH}/Podfile.lock",
				"${PODS_ROOT}/Manifest.lock",
			);
			name = "[CP] Check Pods Manifest.lock";
			outputFileListPaths = (
			);
			outputPaths = (
				"$(DERIVED_FILE_DIR)/Pods-Parstagram-ParstagramUITests-checkManifestLockResult.txt",
			);
			runOnlyForDeploymentPostprocessing = 0;
			shellPath = /bin/sh;
			shellScript = "diff \"${PODS_PODFILE_DIR_PATH}/Podfile.lock\" \"${PODS_ROOT}/Manifest.lock\" > /dev/null\nif [ $? != 0 ] ; then\n    # print error to STDERR\n    echo \"error: The sandbox is not in sync with the Podfile.lock. Run 'pod install' or update your CocoaPods installation.\" >&2\n    exit 1\nfi\n# This output is used by Xcode 'outputs' to avoid re-running this script phase.\necho \"SUCCESS\" > \"${SCRIPT_OUTPUT_FILE_0}\"\n";
			showEnvVarsInLog = 0;
		};
		96669393E99916B4061F7FE2 /* [CP] Embed Pods Frameworks */ = {
			isa = PBXShellScriptBuildPhase;
			buildActionMask = 2147483647;
			files = (
			);
			inputFileListPaths = (
				"${PODS_ROOT}/Target Support Files/Pods-Parstagram/Pods-Parstagram-frameworks-${CONFIGURATION}-input-files.xcfilelist",
			);
			name = "[CP] Embed Pods Frameworks";
			outputFileListPaths = (
				"${PODS_ROOT}/Target Support Files/Pods-Parstagram/Pods-Parstagram-frameworks-${CONFIGURATION}-output-files.xcfilelist",
			);
			runOnlyForDeploymentPostprocessing = 0;
			shellPath = /bin/sh;
			shellScript = "\"${PODS_ROOT}/Target Support Files/Pods-Parstagram/Pods-Parstagram-frameworks.sh\"\n";
			showEnvVarsInLog = 0;
		};
		EF299735507D7701E836A959 /* [CP] Embed Pods Frameworks */ = {
			isa = PBXShellScriptBuildPhase;
			buildActionMask = 2147483647;
			files = (
			);
			inputFileListPaths = (
				"${PODS_ROOT}/Target Support Files/Pods-Parstagram-ParstagramUITests/Pods-Parstagram-ParstagramUITests-frameworks-${CONFIGURATION}-input-files.xcfilelist",
			);
			name = "[CP] Embed Pods Frameworks";
			outputFileListPaths = (
				"${PODS_ROOT}/Target Support Files/Pods-Parstagram-ParstagramUITests/Pods-Parstagram-ParstagramUITests-frameworks-${CONFIGURATION}-output-files.xcfilelist",
			);
			runOnlyForDeploymentPostprocessing = 0;
			shellPath = /bin/sh;
			shellScript = "\"${PODS_ROOT}/Target Support Files/Pods-Parstagram-ParstagramUITests/Pods-Parstagram-ParstagramUITests-frameworks.sh\"\n";
			showEnvVarsInLog = 0;
		};
/* End PBXShellScriptBuildPhase section */

/* Begin PBXSourcesBuildPhase section */
		84B93704240CBAF300382E3D /* Sources */ = {
			isa = PBXSourcesBuildPhase;
			buildActionMask = 2147483647;
			files = (
				84B28281240CCF1B00D1FEC3 /* LoginViewController.swift in Sources */,
				84B28283240CE3E300D1FEC3 /* CameraViewController.swift in Sources */,
				84B9370C240CBAF300382E3D /* AppDelegate.swift in Sources */,
				84B93742240CCABD00382E3D /* FeedViewController.swift in Sources */,
				84B9370E240CBAF300382E3D /* SceneDelegate.swift in Sources */,
			);
			runOnlyForDeploymentPostprocessing = 0;
		};
		84B9371A240CBAF500382E3D /* Sources */ = {
			isa = PBXSourcesBuildPhase;
			buildActionMask = 2147483647;
			files = (
				84B93723240CBAF500382E3D /* ParstagramTests.swift in Sources */,
			);
			runOnlyForDeploymentPostprocessing = 0;
		};
		84B93725240CBAF500382E3D /* Sources */ = {
			isa = PBXSourcesBuildPhase;
			buildActionMask = 2147483647;
			files = (
				84B9372E240CBAF500382E3D /* ParstagramUITests.swift in Sources */,
			);
			runOnlyForDeploymentPostprocessing = 0;
		};
/* End PBXSourcesBuildPhase section */

/* Begin PBXTargetDependency section */
		84B93720240CBAF500382E3D /* PBXTargetDependency */ = {
			isa = PBXTargetDependency;
			target = 84B93707240CBAF300382E3D /* Parstagram */;
			targetProxy = 84B9371F240CBAF500382E3D /* PBXContainerItemProxy */;
		};
		84B9372B240CBAF500382E3D /* PBXTargetDependency */ = {
			isa = PBXTargetDependency;
			target = 84B93707240CBAF300382E3D /* Parstagram */;
			targetProxy = 84B9372A240CBAF500382E3D /* PBXContainerItemProxy */;
		};
/* End PBXTargetDependency section */

/* Begin PBXVariantGroup section */
		84B93711240CBAF300382E3D /* Main.storyboard */ = {
			isa = PBXVariantGroup;
			children = (
				84B93712240CBAF300382E3D /* Base */,
			);
			name = Main.storyboard;
			sourceTree = "<group>";
		};
		84B93716240CBAF500382E3D /* LaunchScreen.storyboard */ = {
			isa = PBXVariantGroup;
			children = (
				84B93717240CBAF500382E3D /* Base */,
			);
			name = LaunchScreen.storyboard;
			sourceTree = "<group>";
		};
/* End PBXVariantGroup section */

/* Begin XCBuildConfiguration section */
		84B93730240CBAF500382E3D /* Debug */ = {
			isa = XCBuildConfiguration;
			buildSettings = {
				ALWAYS_SEARCH_USER_PATHS = NO;
				CLANG_ANALYZER_NONNULL = YES;
				CLANG_ANALYZER_NUMBER_OBJECT_CONVERSION = YES_AGGRESSIVE;
				CLANG_CXX_LANGUAGE_STANDARD = "gnu++14";
				CLANG_CXX_LIBRARY = "libc++";
				CLANG_ENABLE_MODULES = YES;
				CLANG_ENABLE_OBJC_ARC = YES;
				CLANG_ENABLE_OBJC_WEAK = YES;
				CLANG_WARN_BLOCK_CAPTURE_AUTORELEASING = YES;
				CLANG_WARN_BOOL_CONVERSION = YES;
				CLANG_WARN_COMMA = YES;
				CLANG_WARN_CONSTANT_CONVERSION = YES;
				CLANG_WARN_DEPRECATED_OBJC_IMPLEMENTATIONS = YES;
				CLANG_WARN_DIRECT_OBJC_ISA_USAGE = YES_ERROR;
				CLANG_WARN_DOCUMENTATION_COMMENTS = YES;
				CLANG_WARN_EMPTY_BODY = YES;
				CLANG_WARN_ENUM_CONVERSION = YES;
				CLANG_WARN_INFINITE_RECURSION = YES;
				CLANG_WARN_INT_CONVERSION = YES;
				CLANG_WARN_NON_LITERAL_NULL_CONVERSION = YES;
				CLANG_WARN_OBJC_IMPLICIT_RETAIN_SELF = YES;
				CLANG_WARN_OBJC_LITERAL_CONVERSION = YES;
				CLANG_WARN_OBJC_ROOT_CLASS = YES_ERROR;
				CLANG_WARN_RANGE_LOOP_ANALYSIS = YES;
				CLANG_WARN_STRICT_PROTOTYPES = YES;
				CLANG_WARN_SUSPICIOUS_MOVE = YES;
				CLANG_WARN_UNGUARDED_AVAILABILITY = YES_AGGRESSIVE;
				CLANG_WARN_UNREACHABLE_CODE = YES;
				CLANG_WARN__DUPLICATE_METHOD_MATCH = YES;
				COPY_PHASE_STRIP = NO;
				DEBUG_INFORMATION_FORMAT = dwarf;
				ENABLE_STRICT_OBJC_MSGSEND = YES;
				ENABLE_TESTABILITY = YES;
				GCC_C_LANGUAGE_STANDARD = gnu11;
				GCC_DYNAMIC_NO_PIC = NO;
				GCC_NO_COMMON_BLOCKS = YES;
				GCC_OPTIMIZATION_LEVEL = 0;
				GCC_PREPROCESSOR_DEFINITIONS = (
					"DEBUG=1",
					"$(inherited)",
				);
				GCC_WARN_64_TO_32_BIT_CONVERSION = YES;
				GCC_WARN_ABOUT_RETURN_TYPE = YES_ERROR;
				GCC_WARN_UNDECLARED_SELECTOR = YES;
				GCC_WARN_UNINITIALIZED_AUTOS = YES_AGGRESSIVE;
				GCC_WARN_UNUSED_FUNCTION = YES;
				GCC_WARN_UNUSED_VARIABLE = YES;
				IPHONEOS_DEPLOYMENT_TARGET = 13.2;
				MTL_ENABLE_DEBUG_INFO = INCLUDE_SOURCE;
				MTL_FAST_MATH = YES;
				ONLY_ACTIVE_ARCH = YES;
				SDKROOT = iphoneos;
				SWIFT_ACTIVE_COMPILATION_CONDITIONS = DEBUG;
				SWIFT_OPTIMIZATION_LEVEL = "-Onone";
			};
			name = Debug;
		};
		84B93731240CBAF500382E3D /* Release */ = {
			isa = XCBuildConfiguration;
			buildSettings = {
				ALWAYS_SEARCH_USER_PATHS = NO;
				CLANG_ANALYZER_NONNULL = YES;
				CLANG_ANALYZER_NUMBER_OBJECT_CONVERSION = YES_AGGRESSIVE;
				CLANG_CXX_LANGUAGE_STANDARD = "gnu++14";
				CLANG_CXX_LIBRARY = "libc++";
				CLANG_ENABLE_MODULES = YES;
				CLANG_ENABLE_OBJC_ARC = YES;
				CLANG_ENABLE_OBJC_WEAK = YES;
				CLANG_WARN_BLOCK_CAPTURE_AUTORELEASING = YES;
				CLANG_WARN_BOOL_CONVERSION = YES;
				CLANG_WARN_COMMA = YES;
				CLANG_WARN_CONSTANT_CONVERSION = YES;
				CLANG_WARN_DEPRECATED_OBJC_IMPLEMENTATIONS = YES;
				CLANG_WARN_DIRECT_OBJC_ISA_USAGE = YES_ERROR;
				CLANG_WARN_DOCUMENTATION_COMMENTS = YES;
				CLANG_WARN_EMPTY_BODY = YES;
				CLANG_WARN_ENUM_CONVERSION = YES;
				CLANG_WARN_INFINITE_RECURSION = YES;
				CLANG_WARN_INT_CONVERSION = YES;
				CLANG_WARN_NON_LITERAL_NULL_CONVERSION = YES;
				CLANG_WARN_OBJC_IMPLICIT_RETAIN_SELF = YES;
				CLANG_WARN_OBJC_LITERAL_CONVERSION = YES;
				CLANG_WARN_OBJC_ROOT_CLASS = YES_ERROR;
				CLANG_WARN_RANGE_LOOP_ANALYSIS = YES;
				CLANG_WARN_STRICT_PROTOTYPES = YES;
				CLANG_WARN_SUSPICIOUS_MOVE = YES;
				CLANG_WARN_UNGUARDED_AVAILABILITY = YES_AGGRESSIVE;
				CLANG_WARN_UNREACHABLE_CODE = YES;
				CLANG_WARN__DUPLICATE_METHOD_MATCH = YES;
				COPY_PHASE_STRIP = NO;
				DEBUG_INFORMATION_FORMAT = "dwarf-with-dsym";
				ENABLE_NS_ASSERTIONS = NO;
				ENABLE_STRICT_OBJC_MSGSEND = YES;
				GCC_C_LANGUAGE_STANDARD = gnu11;
				GCC_NO_COMMON_BLOCKS = YES;
				GCC_WARN_64_TO_32_BIT_CONVERSION = YES;
				GCC_WARN_ABOUT_RETURN_TYPE = YES_ERROR;
				GCC_WARN_UNDECLARED_SELECTOR = YES;
				GCC_WARN_UNINITIALIZED_AUTOS = YES_AGGRESSIVE;
				GCC_WARN_UNUSED_FUNCTION = YES;
				GCC_WARN_UNUSED_VARIABLE = YES;
				IPHONEOS_DEPLOYMENT_TARGET = 13.2;
				MTL_ENABLE_DEBUG_INFO = NO;
				MTL_FAST_MATH = YES;
				SDKROOT = iphoneos;
				SWIFT_COMPILATION_MODE = wholemodule;
				SWIFT_OPTIMIZATION_LEVEL = "-O";
				VALIDATE_PRODUCT = YES;
			};
			name = Release;
		};
		84B93733240CBAF500382E3D /* Debug */ = {
			isa = XCBuildConfiguration;
			baseConfigurationReference = 6A28C146FD0B04070CCD79D1 /* Pods-Parstagram.debug.xcconfig */;
			buildSettings = {
				ASSETCATALOG_COMPILER_APPICON_NAME = AppIcon;
				CODE_SIGN_STYLE = Automatic;
				INFOPLIST_FILE = Parstagram/Info.plist;
				LD_RUNPATH_SEARCH_PATHS = (
					"$(inherited)",
					"@executable_path/Frameworks",
				);
				PRODUCT_BUNDLE_IDENTIFIER = "qfernandez-marcortez.Parstagram";
				PRODUCT_NAME = "$(TARGET_NAME)";
				SWIFT_VERSION = 5.0;
				TARGETED_DEVICE_FAMILY = "1,2";
			};
			name = Debug;
		};
		84B93734240CBAF500382E3D /* Release */ = {
			isa = XCBuildConfiguration;
			baseConfigurationReference = 01C47BE430A94E199DB75C5B /* Pods-Parstagram.release.xcconfig */;
			buildSettings = {
				ASSETCATALOG_COMPILER_APPICON_NAME = AppIcon;
				CODE_SIGN_STYLE = Automatic;
				INFOPLIST_FILE = Parstagram/Info.plist;
				LD_RUNPATH_SEARCH_PATHS = (
					"$(inherited)",
					"@executable_path/Frameworks",
				);
				PRODUCT_BUNDLE_IDENTIFIER = "qfernandez-marcortez.Parstagram";
				PRODUCT_NAME = "$(TARGET_NAME)";
				SWIFT_VERSION = 5.0;
				TARGETED_DEVICE_FAMILY = "1,2";
			};
			name = Release;
		};
		84B93736240CBAF500382E3D /* Debug */ = {
			isa = XCBuildConfiguration;
			baseConfigurationReference = FF1A78A2BADFC26F84FE9790 /* Pods-ParstagramTests.debug.xcconfig */;
			buildSettings = {
				ALWAYS_EMBED_SWIFT_STANDARD_LIBRARIES = YES;
				BUNDLE_LOADER = "$(TEST_HOST)";
				CODE_SIGN_STYLE = Automatic;
				INFOPLIST_FILE = ParstagramTests/Info.plist;
				IPHONEOS_DEPLOYMENT_TARGET = 13.2;
				LD_RUNPATH_SEARCH_PATHS = (
					"$(inherited)",
					"@executable_path/Frameworks",
					"@loader_path/Frameworks",
				);
				PRODUCT_BUNDLE_IDENTIFIER = "qfernandez-marcortez.ParstagramTests";
				PRODUCT_NAME = "$(TARGET_NAME)";
				SWIFT_VERSION = 5.0;
				TARGETED_DEVICE_FAMILY = "1,2";
				TEST_HOST = "$(BUILT_PRODUCTS_DIR)/Parstagram.app/Parstagram";
			};
			name = Debug;
		};
		84B93737240CBAF500382E3D /* Release */ = {
			isa = XCBuildConfiguration;
			baseConfigurationReference = D9EB98790C5D4B7E9ADAFF36 /* Pods-ParstagramTests.release.xcconfig */;
			buildSettings = {
				ALWAYS_EMBED_SWIFT_STANDARD_LIBRARIES = YES;
				BUNDLE_LOADER = "$(TEST_HOST)";
				CODE_SIGN_STYLE = Automatic;
				INFOPLIST_FILE = ParstagramTests/Info.plist;
				IPHONEOS_DEPLOYMENT_TARGET = 13.2;
				LD_RUNPATH_SEARCH_PATHS = (
					"$(inherited)",
					"@executable_path/Frameworks",
					"@loader_path/Frameworks",
				);
				PRODUCT_BUNDLE_IDENTIFIER = "qfernandez-marcortez.ParstagramTests";
				PRODUCT_NAME = "$(TARGET_NAME)";
				SWIFT_VERSION = 5.0;
				TARGETED_DEVICE_FAMILY = "1,2";
				TEST_HOST = "$(BUILT_PRODUCTS_DIR)/Parstagram.app/Parstagram";
			};
			name = Release;
		};
		84B93739240CBAF500382E3D /* Debug */ = {
			isa = XCBuildConfiguration;
			baseConfigurationReference = D41E56634BC6449993E367D7 /* Pods-Parstagram-ParstagramUITests.debug.xcconfig */;
			buildSettings = {
				ALWAYS_EMBED_SWIFT_STANDARD_LIBRARIES = YES;
				CODE_SIGN_STYLE = Automatic;
				INFOPLIST_FILE = ParstagramUITests/Info.plist;
				LD_RUNPATH_SEARCH_PATHS = (
					"$(inherited)",
					"@executable_path/Frameworks",
					"@loader_path/Frameworks",
				);
				PRODUCT_BUNDLE_IDENTIFIER = "qfernandez-marcortez.ParstagramUITests";
				PRODUCT_NAME = "$(TARGET_NAME)";
				SWIFT_VERSION = 5.0;
				TARGETED_DEVICE_FAMILY = "1,2";
				TEST_TARGET_NAME = Parstagram;
			};
			name = Debug;
		};
		84B9373A240CBAF500382E3D /* Release */ = {
			isa = XCBuildConfiguration;
			baseConfigurationReference = 60B6CAB9B3785031A122B2F0 /* Pods-Parstagram-ParstagramUITests.release.xcconfig */;
			buildSettings = {
				ALWAYS_EMBED_SWIFT_STANDARD_LIBRARIES = YES;
				CODE_SIGN_STYLE = Automatic;
				INFOPLIST_FILE = ParstagramUITests/Info.plist;
				LD_RUNPATH_SEARCH_PATHS = (
					"$(inherited)",
					"@executable_path/Frameworks",
					"@loader_path/Frameworks",
				);
				PRODUCT_BUNDLE_IDENTIFIER = "qfernandez-marcortez.ParstagramUITests";
				PRODUCT_NAME = "$(TARGET_NAME)";
				SWIFT_VERSION = 5.0;
				TARGETED_DEVICE_FAMILY = "1,2";
				TEST_TARGET_NAME = Parstagram;
			};
			name = Release;
		};
/* End XCBuildConfiguration section */

/* Begin XCConfigurationList section */
		84B93703240CBAF300382E3D /* Build configuration list for PBXProject "Parstagram" */ = {
			isa = XCConfigurationList;
			buildConfigurations = (
				84B93730240CBAF500382E3D /* Debug */,
				84B93731240CBAF500382E3D /* Release */,
			);
			defaultConfigurationIsVisible = 0;
			defaultConfigurationName = Release;
		};
		84B93732240CBAF500382E3D /* Build configuration list for PBXNativeTarget "Parstagram" */ = {
			isa = XCConfigurationList;
			buildConfigurations = (
				84B93733240CBAF500382E3D /* Debug */,
				84B93734240CBAF500382E3D /* Release */,
			);
			defaultConfigurationIsVisible = 0;
			defaultConfigurationName = Release;
		};
		84B93735240CBAF500382E3D /* Build configuration list for PBXNativeTarget "ParstagramTests" */ = {
			isa = XCConfigurationList;
			buildConfigurations = (
				84B93736240CBAF500382E3D /* Debug */,
				84B93737240CBAF500382E3D /* Release */,
			);
			defaultConfigurationIsVisible = 0;
			defaultConfigurationName = Release;
		};
		84B93738240CBAF500382E3D /* Build configuration list for PBXNativeTarget "ParstagramUITests" */ = {
			isa = XCConfigurationList;
			buildConfigurations = (
				84B93739240CBAF500382E3D /* Debug */,
				84B9373A240CBAF500382E3D /* Release */,
			);
			defaultConfigurationIsVisible = 0;
			defaultConfigurationName = Release;
		};
/* End XCConfigurationList section */
	};
	rootObject = 84B93700240CBAF300382E3D /* Project object */;
}
